
Microsoft Visual Studio Solution File, Format Version 12.00
# Visual Studio Version 17
VisualStudioVersion = 17.7.33906.173
MinimumVisualStudioVersion = 10.0.40219.1
Project("{FAE04EC0-301F-11D3-BF4B-00C04F79EFBC}") = "WebStoreApp", "WebStoreApp\WebStoreApp.csproj", "{7D04E0B0-6CCC-4CC4-92BE-CE09854B39D0}"
EndProject
Global
	GlobalSection(SolutionConfigurationPlatforms) = preSolution
		Debug|Any CPU = Debug|Any CPU
		Release|Any CPU = Release|Any CPU
	EndGlobalSection
	GlobalSection(ProjectConfigurationPlatforms) = postSolution
		{7D04E0B0-6CCC-4CC4-92BE-CE09854B39D0}.Debug|Any CPU.ActiveCfg = Debug|Any CPU
		{7D04E0B0-6CCC-4CC4-92BE-CE09854B39D0}.Debug|Any CPU.Build.0 = Debug|Any CPU
		{7D04E0B0-6CCC-4CC4-92BE-CE09854B39D0}.Release|Any CPU.ActiveCfg = Release|Any CPU
		{7D04E0B0-6CCC-4CC4-92BE-CE09854B39D0}.Release|Any CPU.Build.0 = Release|Any CPU
	EndGlobalSection
	GlobalSection(SolutionProperties) = preSolution
		HideSolutionNode = FALSE
	EndGlobalSection
	GlobalSection(ExtensibilityGlobals) = postSolution
		SolutionGuid = {A3B134F0-6892-4E88-8B70-9B39D2822343}
	EndGlobalSection
EndGlobal
